
Microsoft Visual Studio Solution File, Format Version 12.00
# Visual Studio Version 16
VisualStudioVersion = 16.0.31911.196
MinimumVisualStudioVersion = 10.0.40219.1
Project("{FAE04EC0-301F-11D3-BF4B-00C04F79EFBC}") = "DodatekRestauracjaKlasa+Test", "DodatekRestauracjaKlasa+Test\DodatekRestauracjaKlasa+Test.csproj", "{7494A732-5240-473A-87F2-7B3E9A76FF18}"
EndProject
Project("{FAE04EC0-301F-11D3-BF4B-00C04F79EFBC}") = "DodatekRestauracja.xUnitTest(s)", "DodatekRestauracja.xUnitTest(s)\DodatekRestauracja.xUnitTest(s).csproj", "{186981E2-99C9-4B5E-ABBD-0F2104D8DAF0}"
EndProject
Global
	GlobalSection(SolutionConfigurationPlatforms) = preSolution
		Debug|Any CPU = Debug|Any CPU
		Release|Any CPU = Release|Any CPU
	EndGlobalSection
	GlobalSection(ProjectConfigurationPlatforms) = postSolution
		{7494A732-5240-473A-87F2-7B3E9A76FF18}.Debug|Any CPU.ActiveCfg = Debug|Any CPU
		{7494A732-5240-473A-87F2-7B3E9A76FF18}.Debug|Any CPU.Build.0 = Debug|Any CPU
		{7494A732-5240-473A-87F2-7B3E9A76FF18}.Release|Any CPU.ActiveCfg = Release|Any CPU
		{7494A732-5240-473A-87F2-7B3E9A76FF18}.Release|Any CPU.Build.0 = Release|Any CPU
		{186981E2-99C9-4B5E-ABBD-0F2104D8DAF0}.Debug|Any CPU.ActiveCfg = Debug|Any CPU
		{186981E2-99C9-4B5E-ABBD-0F2104D8DAF0}.Debug|Any CPU.Build.0 = Debug|Any CPU
		{186981E2-99C9-4B5E-ABBD-0F2104D8DAF0}.Release|Any CPU.ActiveCfg = Release|Any CPU
		{186981E2-99C9-4B5E-ABBD-0F2104D8DAF0}.Release|Any CPU.Build.0 = Release|Any CPU
	EndGlobalSection
	GlobalSection(SolutionProperties) = preSolution
		HideSolutionNode = FALSE
	EndGlobalSection
	GlobalSection(ExtensibilityGlobals) = postSolution
		SolutionGuid = {E96C8CA9-117C-42A7-AEB9-BB60336AAFAD}
	EndGlobalSection
EndGlobal
